<?xml version="1.0" encoding="UTF-8" standalone="yes" ?>
<CodeBlocks_project_file>
	<FileVersion major="1" minor="6" />
	<Project>
		<Option title="LearnGL" />
		<Option pch_mode="2" />
		<Option compiler="gcc" />
		<Build>
			<Target title="Debug">
				<Option output="bin/Debug/LearnGL" prefix_auto="1" extension_auto="1" />
				<Option working_dir="bin/Debug" />
				<Option object_output="obj/Debug/" />
				<Option type="1" />
				<Option compiler="gcc" />
				<Compiler>
					<Add option="-g" />
					<Add directory="../../../../../../Program Files (x86)/CodeBlocks/MinGW/include/GL" />
					<Add directory="include" />
					<Add directory="../../../../../../glm" />
				</Compiler>
				<Linker>
					<Add library="glfw3" />
					<Add library="glew32" />
					<Add library="opengl32" />
					<Add library="glu32" />
					<Add library="gdi32" />
					<Add library="user32" />
					<Add library="kernel32" />
					<Add directory="../../../../../../Program Files (x86)/CodeBlocks/MinGW/lib" />
					<Add directory="../../../../../../Program Files (x86)/CodeBlocks/MinGW/lib/Release/Win32" />
				</Linker>
			</Target>
			<Target title="Release">
				<Option output="bin/Release/LearnGL" prefix_auto="1" extension_auto="1" />
				<Option object_output="obj/Release/" />
				<Option type="1" />
				<Option compiler="gcc" />
				<Compiler>
					<Add option="-O2" />
					<Add directory="include" />
				</Compiler>
				<Linker>
					<Add option="-s" />
				</Linker>
			</Target>
		</Build>
		<Compiler>
			<Add option="-Wall" />
			<Add option="-fexceptions" />
			<Add directory="../../../../../../Program Files (x86)/CodeBlocks/MinGW/include/GL" />
		</Compiler>
		<Linker>
			<Add library="opengl32" />
			<Add library="glu32" />
			<Add library="gdi32" />
			<Add library="user32" />
			<Add library="kernel32" />
			<Add library="glfw3" />
			<Add directory="../../../../../../Program Files (x86)/CodeBlocks/MinGW/lib" />
		</Linker>
		<Unit filename="include/Mesh.h" />
		<Unit filename="include/MeshGL.h" />
		<Unit filename="include/OBJHandler.h" />
		<Unit filename="include/Particle.h" />
		<Unit filename="include/ParticleSystem.h" />
		<Unit filename="include/Ribbon.h" />
		<Unit filename="include/RibbonParticle.h" />
		<Unit filename="include/ShaderHandler.h" />
		<Unit filename="include/VectorMath.h" />
		<Unit filename="main.cpp" />
		<Unit filename="src/Mesh.cpp" />
		<Unit filename="src/MeshGL.cpp" />
		<Unit filename="src/OBJHandler.cpp" />
		<Unit filename="src/Particle.cpp" />
		<Unit filename="src/ParticleSystem.cpp" />
		<Unit filename="src/Ribbon.cpp" />
		<Unit filename="src/RibbonParticle.cpp" />
		<Unit filename="src/ShaderHandler.cpp" />
		<Unit filename="src/VectorMath.cpp" />
		<Extensions>
			<code_completion />
			<envvars />
			<debugger />
		</Extensions>
	</Project>
</CodeBlocks_project_file>
